
Microsoft Visual Studio Solution File, Format Version 12.00
# Visual Studio 2012
Project("{FAE04EC0-301F-11D3-BF4B-00C04F79EFBC}") = "PartyInvites", "PartyInvites\PartyInvites.csproj", "{CA714EE5-4D38-4847-ABE4-544E1EFE5741}"
EndProject
Global
	GlobalSection(SolutionConfigurationPlatforms) = preSolution
		Debug|Any CPU = Debug|Any CPU
		Release|Any CPU = Release|Any CPU
	EndGlobalSection
	GlobalSection(ProjectConfigurationPlatforms) = postSolution
		{CA714EE5-4D38-4847-ABE4-544E1EFE5741}.Debug|Any CPU.ActiveCfg = Debug|Any CPU
		{CA714EE5-4D38-4847-ABE4-544E1EFE5741}.Debug|Any CPU.Build.0 = Debug|Any CPU
		{CA714EE5-4D38-4847-ABE4-544E1EFE5741}.Release|Any CPU.ActiveCfg = Release|Any CPU
		{CA714EE5-4D38-4847-ABE4-544E1EFE5741}.Release|Any CPU.Build.0 = Release|Any CPU
	EndGlobalSection
EndGlobal
